
Microsoft Visual Studio Solution File, Format Version 12.00
# Visual Studio Version 17
VisualStudioVersion = 17.9.34622.214
MinimumVisualStudioVersion = 10.0.40219.1
Project("{FAE04EC0-301F-11D3-BF4B-00C04F79EFBC}") = "WebServer", "WebServer\WebServer.csproj", "{C84AAD6B-76FF-41D2-BA9D-3FEA8369D927}"
EndProject
Global
	GlobalSection(SolutionConfigurationPlatforms) = preSolution
		Debug|Any CPU = Debug|Any CPU
		Release|Any CPU = Release|Any CPU
	EndGlobalSection
	GlobalSection(ProjectConfigurationPlatforms) = postSolution
		{C84AAD6B-76FF-41D2-BA9D-3FEA8369D927}.Debug|Any CPU.ActiveCfg = Debug|Any CPU
		{C84AAD6B-76FF-41D2-BA9D-3FEA8369D927}.Debug|Any CPU.Build.0 = Debug|Any CPU
		{C84AAD6B-76FF-41D2-BA9D-3FEA8369D927}.Release|Any CPU.ActiveCfg = Release|Any CPU
		{C84AAD6B-76FF-41D2-BA9D-3FEA8369D927}.Release|Any CPU.Build.0 = Release|Any CPU
	EndGlobalSection
	GlobalSection(SolutionProperties) = preSolution
		HideSolutionNode = FALSE
	EndGlobalSection
	GlobalSection(ExtensibilityGlobals) = postSolution
		SolutionGuid = {32E8DD28-F00A-4340-B2D9-75E17E07C108}
	EndGlobalSection
EndGlobal
